
Microsoft Visual Studio Solution File, Format Version 12.00
# Visual Studio 15
VisualStudioVersion = 15.0.27703.2018
MinimumVisualStudioVersion = 10.0.40219.1
Project("{FAE04EC0-301F-11D3-BF4B-00C04F79EFBC}") = "JidelnicekWeb", "JidelnicekWeb\JidelnicekWeb.csproj", "{D6A41B5C-0079-46DF-B1CE-D55E33246992}"
EndProject
Project("{FAE04EC0-301F-11D3-BF4B-00C04F79EFBC}") = "JidelnicekBackend", "JidelnicekBackend\JidelnicekBackend.csproj", "{0C105E21-C18B-4043-8C2F-DC9501A89181}"
EndProject
Global
	GlobalSection(SolutionConfigurationPlatforms) = preSolution
		Debug|Any CPU = Debug|Any CPU
		Release|Any CPU = Release|Any CPU
	EndGlobalSection
	GlobalSection(ProjectConfigurationPlatforms) = postSolution
		{D6A41B5C-0079-46DF-B1CE-D55E33246992}.Debug|Any CPU.ActiveCfg = Debug|Any CPU
		{D6A41B5C-0079-46DF-B1CE-D55E33246992}.Debug|Any CPU.Build.0 = Debug|Any CPU
		{D6A41B5C-0079-46DF-B1CE-D55E33246992}.Release|Any CPU.ActiveCfg = Release|Any CPU
		{D6A41B5C-0079-46DF-B1CE-D55E33246992}.Release|Any CPU.Build.0 = Release|Any CPU
		{0C105E21-C18B-4043-8C2F-DC9501A89181}.Debug|Any CPU.ActiveCfg = Debug|Any CPU
		{0C105E21-C18B-4043-8C2F-DC9501A89181}.Debug|Any CPU.Build.0 = Debug|Any CPU
		{0C105E21-C18B-4043-8C2F-DC9501A89181}.Release|Any CPU.ActiveCfg = Release|Any CPU
		{0C105E21-C18B-4043-8C2F-DC9501A89181}.Release|Any CPU.Build.0 = Release|Any CPU
	EndGlobalSection
	GlobalSection(SolutionProperties) = preSolution
		HideSolutionNode = FALSE
	EndGlobalSection
	GlobalSection(ExtensibilityGlobals) = postSolution
		SolutionGuid = {3572F559-C237-4964-99F4-785B3DDA77C6}
	EndGlobalSection
EndGlobal
